
Microsoft Visual Studio Solution File, Format Version 12.00
# Visual Studio 15
VisualStudioVersion = 15.0.27130.2024
MinimumVisualStudioVersion = 10.0.40219.1
Project("{888888A0-9F3D-457C-B088-3A5042F75D52}") = "GDevLibrary", "GDevLibrary\GDevLibrary.pyproj", "{1746FCA8-D71F-4C3E-AF4E-002512AC124D}"
EndProject
Global
	GlobalSection(SolutionConfigurationPlatforms) = preSolution
		Debug|Any CPU = Debug|Any CPU
		Release|Any CPU = Release|Any CPU
	EndGlobalSection
	GlobalSection(ProjectConfigurationPlatforms) = postSolution
		{1746FCA8-D71F-4C3E-AF4E-002512AC124D}.Debug|Any CPU.ActiveCfg = Debug|Any CPU
		{1746FCA8-D71F-4C3E-AF4E-002512AC124D}.Debug|Any CPU.Build.0 = Debug|Any CPU
		{1746FCA8-D71F-4C3E-AF4E-002512AC124D}.Release|Any CPU.ActiveCfg = Release|Any CPU
		{1746FCA8-D71F-4C3E-AF4E-002512AC124D}.Release|Any CPU.Build.0 = Release|Any CPU
	EndGlobalSection
	GlobalSection(SolutionProperties) = preSolution
		HideSolutionNode = FALSE
	EndGlobalSection
	GlobalSection(ExtensibilityGlobals) = postSolution
		SolutionGuid = {F038BD4D-B779-43F5-8473-0E5C406E849D}
	EndGlobalSection
EndGlobal
